
Microsoft Visual Studio Solution File, Format Version 12.00
# Visual Studio 15
VisualStudioVersion = 15.0.26124.0
MinimumVisualStudioVersion = 15.0.26124.0
Project("{2150E333-8FDC-42A3-9474-1A3956D46DE8}") = "src", "src", "{00F2A45E-9644-443B-A57B-E31EC1B011FE}"
EndProject
Project("{FAE04EC0-301F-11D3-BF4B-00C04F79EFBC}") = "roman-numerals", "src\roman-numerals\roman-numerals.csproj", "{9554EC11-A22F-4786-994E-555DBA16E536}"
EndProject
Global
	GlobalSection(SolutionConfigurationPlatforms) = preSolution
		Debug|Any CPU = Debug|Any CPU
		Debug|x64 = Debug|x64
		Debug|x86 = Debug|x86
		Release|Any CPU = Release|Any CPU
		Release|x64 = Release|x64
		Release|x86 = Release|x86
	EndGlobalSection
	GlobalSection(SolutionProperties) = preSolution
		HideSolutionNode = FALSE
	EndGlobalSection
	GlobalSection(ProjectConfigurationPlatforms) = postSolution
		{9554EC11-A22F-4786-994E-555DBA16E536}.Debug|Any CPU.ActiveCfg = Debug|Any CPU
		{9554EC11-A22F-4786-994E-555DBA16E536}.Debug|Any CPU.Build.0 = Debug|Any CPU
		{9554EC11-A22F-4786-994E-555DBA16E536}.Debug|x64.ActiveCfg = Debug|x64
		{9554EC11-A22F-4786-994E-555DBA16E536}.Debug|x64.Build.0 = Debug|x64
		{9554EC11-A22F-4786-994E-555DBA16E536}.Debug|x86.ActiveCfg = Debug|x86
		{9554EC11-A22F-4786-994E-555DBA16E536}.Debug|x86.Build.0 = Debug|x86
		{9554EC11-A22F-4786-994E-555DBA16E536}.Release|Any CPU.ActiveCfg = Release|Any CPU
		{9554EC11-A22F-4786-994E-555DBA16E536}.Release|Any CPU.Build.0 = Release|Any CPU
		{9554EC11-A22F-4786-994E-555DBA16E536}.Release|x64.ActiveCfg = Release|x64
		{9554EC11-A22F-4786-994E-555DBA16E536}.Release|x64.Build.0 = Release|x64
		{9554EC11-A22F-4786-994E-555DBA16E536}.Release|x86.ActiveCfg = Release|x86
		{9554EC11-A22F-4786-994E-555DBA16E536}.Release|x86.Build.0 = Release|x86
	EndGlobalSection
	GlobalSection(NestedProjects) = preSolution
		{9554EC11-A22F-4786-994E-555DBA16E536} = {00F2A45E-9644-443B-A57B-E31EC1B011FE}
	EndGlobalSection
EndGlobal
